
Microsoft Visual Studio Solution File, Format Version 12.00
# Visual Studio Version 16
VisualStudioVersion = 16.0.29613.14
MinimumVisualStudioVersion = 10.0.40219.1
Project("{FAE04EC0-301F-11D3-BF4B-00C04F79EFBC}") = "MobileCenter", "MobileCenter\MobileCenter.csproj", "{0896E744-74E8-467C-AEA9-C5800B16C3BD}"
EndProject
Global
	GlobalSection(SolutionConfigurationPlatforms) = preSolution
		Debug|Any CPU = Debug|Any CPU
		Debug|x64 = Debug|x64
		Debug|x86 = Debug|x86
		Release|Any CPU = Release|Any CPU
		Release|x64 = Release|x64
		Release|x86 = Release|x86
	EndGlobalSection
	GlobalSection(ProjectConfigurationPlatforms) = postSolution
		{0896E744-74E8-467C-AEA9-C5800B16C3BD}.Debug|Any CPU.ActiveCfg = Debug|Any CPU
		{0896E744-74E8-467C-AEA9-C5800B16C3BD}.Debug|Any CPU.Build.0 = Debug|Any CPU
		{0896E744-74E8-467C-AEA9-C5800B16C3BD}.Debug|x64.ActiveCfg = Debug|x64
		{0896E744-74E8-467C-AEA9-C5800B16C3BD}.Debug|x64.Build.0 = Debug|x64
		{0896E744-74E8-467C-AEA9-C5800B16C3BD}.Debug|x86.ActiveCfg = Debug|x86
		{0896E744-74E8-467C-AEA9-C5800B16C3BD}.Debug|x86.Build.0 = Debug|x86
		{0896E744-74E8-467C-AEA9-C5800B16C3BD}.Release|Any CPU.ActiveCfg = Debug|Any CPU
		{0896E744-74E8-467C-AEA9-C5800B16C3BD}.Release|Any CPU.Build.0 = Debug|Any CPU
		{0896E744-74E8-467C-AEA9-C5800B16C3BD}.Release|x64.ActiveCfg = Debug|x64
		{0896E744-74E8-467C-AEA9-C5800B16C3BD}.Release|x64.Build.0 = Debug|x64
		{0896E744-74E8-467C-AEA9-C5800B16C3BD}.Release|x86.ActiveCfg = Debug|x86
		{0896E744-74E8-467C-AEA9-C5800B16C3BD}.Release|x86.Build.0 = Debug|x86
	EndGlobalSection
	GlobalSection(SolutionProperties) = preSolution
		HideSolutionNode = FALSE
	EndGlobalSection
	GlobalSection(ExtensibilityGlobals) = postSolution
		SolutionGuid = {A9940AA7-8B54-4D2D-A65D-07723140CA22}
	EndGlobalSection
EndGlobal
